{
  "object": {
    "pins": [
      {
        "package": "Funswift",
        "repositoryURL": "https://github.com/konrad1977/funswift",
        "state": {
          "branch": "main",
          "revision": "a24e0419597bca2be126f94093a1356c079f6881",
          "version": null
        }
      }
    ]
  },
  "version": 1
}
