{
  "object": {
    "pins": [
      {
        "package": "Funswift",
        "repositoryURL": "https://github.com/konrad1977/funswift",
        "state": {
          "branch": "main",
          "revision": "e63f75948eb472df1621c228610ca8a6c0eff0f8",
          "version": null
        }
      }
    ]
  },
  "version": 1
}
