{
  "object": {
    "pins": [
      {
        "package": "Funswift",
        "repositoryURL": "https://github.com/konrad1977/funswift",
        "state": {
          "branch": "main",
          "revision": "bfc835c83c06873039af610378264780c0b190b3",
          "version": null
        }
      }
    ]
  },
  "version": 1
}
